
Microsoft Visual Studio Solution File, Format Version 12.00
# Visual Studio 15
VisualStudioVersion = 15.0.28307.271
MinimumVisualStudioVersion = 10.0.40219.1
Project("{FAE04EC0-301F-11D3-BF4B-00C04F79EFBC}") = "01-ByteBank", "01-ByteBank\01-ByteBank.csproj", "{DAB326CA-C8F6-486B-9EA7-FF79B2AD751D}"
EndProject
Project("{FAE04EC0-301F-11D3-BF4B-00C04F79EFBC}") = "02-ByteBank", "02-ByteBank\02-ByteBank.csproj", "{91349C00-AB05-4FC0-9927-816432C7A01D}"
EndProject
Project("{FAE04EC0-301F-11D3-BF4B-00C04F79EFBC}") = "03-ByteBank", "03-ByteBank\03-ByteBank.csproj", "{27B4813F-D002-4BB2-9882-5FA8B2E9CF8E}"
EndProject
Project("{FAE04EC0-301F-11D3-BF4B-00C04F79EFBC}") = "04-ByteBank", "04-ByteBank\04-ByteBank.csproj", "{ECE7B2D5-D855-4BE2-AA2A-2118A10571D5}"
EndProject
Global
	GlobalSection(SolutionConfigurationPlatforms) = preSolution
		Debug|Any CPU = Debug|Any CPU
		Release|Any CPU = Release|Any CPU
	EndGlobalSection
	GlobalSection(ProjectConfigurationPlatforms) = postSolution
		{DAB326CA-C8F6-486B-9EA7-FF79B2AD751D}.Debug|Any CPU.ActiveCfg = Debug|Any CPU
		{DAB326CA-C8F6-486B-9EA7-FF79B2AD751D}.Debug|Any CPU.Build.0 = Debug|Any CPU
		{DAB326CA-C8F6-486B-9EA7-FF79B2AD751D}.Release|Any CPU.ActiveCfg = Release|Any CPU
		{DAB326CA-C8F6-486B-9EA7-FF79B2AD751D}.Release|Any CPU.Build.0 = Release|Any CPU
		{91349C00-AB05-4FC0-9927-816432C7A01D}.Debug|Any CPU.ActiveCfg = Debug|Any CPU
		{91349C00-AB05-4FC0-9927-816432C7A01D}.Debug|Any CPU.Build.0 = Debug|Any CPU
		{91349C00-AB05-4FC0-9927-816432C7A01D}.Release|Any CPU.ActiveCfg = Release|Any CPU
		{91349C00-AB05-4FC0-9927-816432C7A01D}.Release|Any CPU.Build.0 = Release|Any CPU
		{27B4813F-D002-4BB2-9882-5FA8B2E9CF8E}.Debug|Any CPU.ActiveCfg = Debug|Any CPU
		{27B4813F-D002-4BB2-9882-5FA8B2E9CF8E}.Debug|Any CPU.Build.0 = Debug|Any CPU
		{27B4813F-D002-4BB2-9882-5FA8B2E9CF8E}.Release|Any CPU.ActiveCfg = Release|Any CPU
		{27B4813F-D002-4BB2-9882-5FA8B2E9CF8E}.Release|Any CPU.Build.0 = Release|Any CPU
		{ECE7B2D5-D855-4BE2-AA2A-2118A10571D5}.Debug|Any CPU.ActiveCfg = Debug|Any CPU
		{ECE7B2D5-D855-4BE2-AA2A-2118A10571D5}.Debug|Any CPU.Build.0 = Debug|Any CPU
		{ECE7B2D5-D855-4BE2-AA2A-2118A10571D5}.Release|Any CPU.ActiveCfg = Release|Any CPU
		{ECE7B2D5-D855-4BE2-AA2A-2118A10571D5}.Release|Any CPU.Build.0 = Release|Any CPU
	EndGlobalSection
	GlobalSection(SolutionProperties) = preSolution
		HideSolutionNode = FALSE
	EndGlobalSection
	GlobalSection(ExtensibilityGlobals) = postSolution
		SolutionGuid = {531DCD45-24D2-4BD8-B4B7-DA042350035F}
	EndGlobalSection
EndGlobal
